
Microsoft Visual Studio Solution File, Format Version 12.00
# Visual Studio Version 17
Project("{8BC9CEB8-8B4A-11D0-8D11-00A0C91BC942}") = "ALL_BUILD", "ALL_BUILD.vcxproj", "{6BE4A495-661D-3403-A42B-EF6BF06DD30D}"
	ProjectSection(ProjectDependencies) = postProject
		{3F110139-0C14-35E2-9703-5CFF6E82486F} = {3F110139-0C14-35E2-9703-5CFF6E82486F}
		{64831C21-3598-3654-B05B-2C4D4488F758} = {64831C21-3598-3654-B05B-2C4D4488F758}
	EndProjectSection
EndProject
Project("{8BC9CEB8-8B4A-11D0-8D11-00A0C91BC942}") = "SageEngine", "SageEngine.vcxproj", "{3F110139-0C14-35E2-9703-5CFF6E82486F}"
	ProjectSection(ProjectDependencies) = postProject
		{64831C21-3598-3654-B05B-2C4D4488F758} = {64831C21-3598-3654-B05B-2C4D4488F758}
	EndProjectSection
EndProject
Project("{8BC9CEB8-8B4A-11D0-8D11-00A0C91BC942}") = "ZERO_CHECK", "ZERO_CHECK.vcxproj", "{64831C21-3598-3654-B05B-2C4D4488F758}"
	ProjectSection(ProjectDependencies) = postProject
	EndProjectSection
EndProject
Global
	GlobalSection(SolutionConfigurationPlatforms) = preSolution
		Debug|x64 = Debug|x64
		Release|x64 = Release|x64
		MinSizeRel|x64 = MinSizeRel|x64
		RelWithDebInfo|x64 = RelWithDebInfo|x64
	EndGlobalSection
	GlobalSection(ProjectConfigurationPlatforms) = postSolution
		{6BE4A495-661D-3403-A42B-EF6BF06DD30D}.Debug|x64.ActiveCfg = Debug|x64
		{6BE4A495-661D-3403-A42B-EF6BF06DD30D}.Release|x64.ActiveCfg = Release|x64
		{6BE4A495-661D-3403-A42B-EF6BF06DD30D}.MinSizeRel|x64.ActiveCfg = MinSizeRel|x64
		{6BE4A495-661D-3403-A42B-EF6BF06DD30D}.RelWithDebInfo|x64.ActiveCfg = RelWithDebInfo|x64
		{3F110139-0C14-35E2-9703-5CFF6E82486F}.Debug|x64.ActiveCfg = Debug|x64
		{3F110139-0C14-35E2-9703-5CFF6E82486F}.Debug|x64.Build.0 = Debug|x64
		{3F110139-0C14-35E2-9703-5CFF6E82486F}.Release|x64.ActiveCfg = Release|x64
		{3F110139-0C14-35E2-9703-5CFF6E82486F}.Release|x64.Build.0 = Release|x64
		{3F110139-0C14-35E2-9703-5CFF6E82486F}.MinSizeRel|x64.ActiveCfg = MinSizeRel|x64
		{3F110139-0C14-35E2-9703-5CFF6E82486F}.MinSizeRel|x64.Build.0 = MinSizeRel|x64
		{3F110139-0C14-35E2-9703-5CFF6E82486F}.RelWithDebInfo|x64.ActiveCfg = RelWithDebInfo|x64
		{3F110139-0C14-35E2-9703-5CFF6E82486F}.RelWithDebInfo|x64.Build.0 = RelWithDebInfo|x64
		{64831C21-3598-3654-B05B-2C4D4488F758}.Debug|x64.ActiveCfg = Debug|x64
		{64831C21-3598-3654-B05B-2C4D4488F758}.Debug|x64.Build.0 = Debug|x64
		{64831C21-3598-3654-B05B-2C4D4488F758}.Release|x64.ActiveCfg = Release|x64
		{64831C21-3598-3654-B05B-2C4D4488F758}.Release|x64.Build.0 = Release|x64
		{64831C21-3598-3654-B05B-2C4D4488F758}.MinSizeRel|x64.ActiveCfg = MinSizeRel|x64
		{64831C21-3598-3654-B05B-2C4D4488F758}.MinSizeRel|x64.Build.0 = MinSizeRel|x64
		{64831C21-3598-3654-B05B-2C4D4488F758}.RelWithDebInfo|x64.ActiveCfg = RelWithDebInfo|x64
		{64831C21-3598-3654-B05B-2C4D4488F758}.RelWithDebInfo|x64.Build.0 = RelWithDebInfo|x64
	EndGlobalSection
	GlobalSection(ExtensibilityGlobals) = postSolution
		SolutionGuid = {F4E27473-DAF5-3221-B703-713952B50E63}
	EndGlobalSection
	GlobalSection(ExtensibilityAddIns) = postSolution
	EndGlobalSection
EndGlobal
