<?xml version="1.0" encoding="utf-8"?>
<Project ToolsVersion="17.0" xmlns="http://schemas.microsoft.com/developer/msbuild/2003">
  <ItemGroup>
    <CustomBuild Include="C:\Users\robin\Desktop\Projects\DesktopApps\rtsgame\sageengine\CMakeFiles\c5d4f2a1214fa2badc921a4c28ed7f48\generate.stamp.rule">
      <Filter>CMake Rules</Filter>
    </CustomBuild>
  </ItemGroup>
  <ItemGroup>
    <Filter Include="CMake Rules">
      <UniqueIdentifier>{0CFBBFD4-29FA-3548-BEDA-27FE1734BE56}</UniqueIdentifier>
    </Filter>
  </ItemGroup>
</Project>
